
Microsoft Visual Studio Solution File, Format Version 12.00
# Visual Studio Version 17
VisualStudioVersion = 17.7.34003.232
MinimumVisualStudioVersion = 10.0.40219.1
Project("{FAE04EC0-301F-11D3-BF4B-00C04F79EFBC}") = "IsPersonAdultTestProblem", "IsPersonAdultTestProblem\IsPersonAdultTestProblem.csproj", "{A743A846-AC63-4799-AB38-C5B93C7DA3F5}"
EndProject
Project("{FAE04EC0-301F-11D3-BF4B-00C04F79EFBC}") = "IsPersonAdultTestProblem.Tests", "IsPersonAdultTestProblem.Tests\IsPersonAdultTestProblem.Tests.csproj", "{6F36F0D9-9990-442C-A1BB-B03C3852FF01}"
EndProject
Global
	GlobalSection(SolutionConfigurationPlatforms) = preSolution
		Debug|Any CPU = Debug|Any CPU
		Release|Any CPU = Release|Any CPU
	EndGlobalSection
	GlobalSection(ProjectConfigurationPlatforms) = postSolution
		{A743A846-AC63-4799-AB38-C5B93C7DA3F5}.Debug|Any CPU.ActiveCfg = Debug|Any CPU
		{A743A846-AC63-4799-AB38-C5B93C7DA3F5}.Debug|Any CPU.Build.0 = Debug|Any CPU
		{A743A846-AC63-4799-AB38-C5B93C7DA3F5}.Release|Any CPU.ActiveCfg = Release|Any CPU
		{A743A846-AC63-4799-AB38-C5B93C7DA3F5}.Release|Any CPU.Build.0 = Release|Any CPU
		{6F36F0D9-9990-442C-A1BB-B03C3852FF01}.Debug|Any CPU.ActiveCfg = Debug|Any CPU
		{6F36F0D9-9990-442C-A1BB-B03C3852FF01}.Debug|Any CPU.Build.0 = Debug|Any CPU
		{6F36F0D9-9990-442C-A1BB-B03C3852FF01}.Release|Any CPU.ActiveCfg = Release|Any CPU
		{6F36F0D9-9990-442C-A1BB-B03C3852FF01}.Release|Any CPU.Build.0 = Release|Any CPU
	EndGlobalSection
	GlobalSection(SolutionProperties) = preSolution
		HideSolutionNode = FALSE
	EndGlobalSection
	GlobalSection(ExtensibilityGlobals) = postSolution
		SolutionGuid = {98A6A5F2-AAF2-47A8-94FE-AEE22818B53E}
	EndGlobalSection
EndGlobal
